
Microsoft Visual Studio Solution File, Format Version 12.00
# Visual Studio Version 16
VisualStudioVersion = 16.0.30717.126
MinimumVisualStudioVersion = 10.0.40219.1
Project("{FAE04EC0-301F-11D3-BF4B-00C04F79EFBC}") = "Algorithmics", "Algorithmics\Algorithmics.csproj", "{BB31FE4E-760A-4605-B2CA-B6E1257EFB7A}"
EndProject
Global
	GlobalSection(SolutionConfigurationPlatforms) = preSolution
		Debug|Any CPU = Debug|Any CPU
		Release|Any CPU = Release|Any CPU
	EndGlobalSection
	GlobalSection(ProjectConfigurationPlatforms) = postSolution
		{BB31FE4E-760A-4605-B2CA-B6E1257EFB7A}.Debug|Any CPU.ActiveCfg = Debug|Any CPU
		{BB31FE4E-760A-4605-B2CA-B6E1257EFB7A}.Debug|Any CPU.Build.0 = Debug|Any CPU
		{BB31FE4E-760A-4605-B2CA-B6E1257EFB7A}.Release|Any CPU.ActiveCfg = Release|Any CPU
		{BB31FE4E-760A-4605-B2CA-B6E1257EFB7A}.Release|Any CPU.Build.0 = Release|Any CPU
	EndGlobalSection
	GlobalSection(SolutionProperties) = preSolution
		HideSolutionNode = FALSE
	EndGlobalSection
	GlobalSection(ExtensibilityGlobals) = postSolution
		SolutionGuid = {3820489C-EC4D-47F7-89C6-52062B7480D3}
	EndGlobalSection
EndGlobal
