
Microsoft Visual Studio Solution File, Format Version 12.00
# Visual Studio Version 16
VisualStudioVersion = 16.0.30611.23
MinimumVisualStudioVersion = 10.0.40219.1
Project("{FAE04EC0-301F-11D3-BF4B-00C04F79EFBC}") = "ACM.BL", "ACM.BL\ACM.BL.csproj", "{93704DF9-D90F-49E1-B087-F1CFA70BB6E3}"
EndProject
Project("{2150E333-8FDC-42A3-9474-1A3956D46DE8}") = "Tests", "Tests", "{C4349ED9-3B58-407F-8A1B-26868083AEA4}"
EndProject
Project("{FAE04EC0-301F-11D3-BF4B-00C04F79EFBC}") = "ACM.BLTest", "Tests\ACM.BLTest\ACM.BLTest.csproj", "{A1B006AF-75CE-4ACF-8351-6423A14B6573}"
EndProject
Project("{FAE04EC0-301F-11D3-BF4B-00C04F79EFBC}") = "Acme.Common", "Acme.Common\Acme.Common.csproj", "{AF644416-F3C7-4611-8172-62BCF2F1E619}"
EndProject
Project("{FAE04EC0-301F-11D3-BF4B-00C04F79EFBC}") = "Acme.CommonTest", "Tests\Acme.CommonTest\Acme.CommonTest.csproj", "{839A2738-C454-459F-8AFD-0B7A296B2AE4}"
EndProject
Global
	GlobalSection(SolutionConfigurationPlatforms) = preSolution
		Debug|Any CPU = Debug|Any CPU
		Release|Any CPU = Release|Any CPU
	EndGlobalSection
	GlobalSection(ProjectConfigurationPlatforms) = postSolution
		{93704DF9-D90F-49E1-B087-F1CFA70BB6E3}.Debug|Any CPU.ActiveCfg = Debug|Any CPU
		{93704DF9-D90F-49E1-B087-F1CFA70BB6E3}.Debug|Any CPU.Build.0 = Debug|Any CPU
		{93704DF9-D90F-49E1-B087-F1CFA70BB6E3}.Release|Any CPU.ActiveCfg = Release|Any CPU
		{93704DF9-D90F-49E1-B087-F1CFA70BB6E3}.Release|Any CPU.Build.0 = Release|Any CPU
		{A1B006AF-75CE-4ACF-8351-6423A14B6573}.Debug|Any CPU.ActiveCfg = Debug|Any CPU
		{A1B006AF-75CE-4ACF-8351-6423A14B6573}.Debug|Any CPU.Build.0 = Debug|Any CPU
		{A1B006AF-75CE-4ACF-8351-6423A14B6573}.Release|Any CPU.ActiveCfg = Release|Any CPU
		{A1B006AF-75CE-4ACF-8351-6423A14B6573}.Release|Any CPU.Build.0 = Release|Any CPU
		{AF644416-F3C7-4611-8172-62BCF2F1E619}.Debug|Any CPU.ActiveCfg = Debug|Any CPU
		{AF644416-F3C7-4611-8172-62BCF2F1E619}.Debug|Any CPU.Build.0 = Debug|Any CPU
		{AF644416-F3C7-4611-8172-62BCF2F1E619}.Release|Any CPU.ActiveCfg = Release|Any CPU
		{AF644416-F3C7-4611-8172-62BCF2F1E619}.Release|Any CPU.Build.0 = Release|Any CPU
		{839A2738-C454-459F-8AFD-0B7A296B2AE4}.Debug|Any CPU.ActiveCfg = Debug|Any CPU
		{839A2738-C454-459F-8AFD-0B7A296B2AE4}.Debug|Any CPU.Build.0 = Debug|Any CPU
		{839A2738-C454-459F-8AFD-0B7A296B2AE4}.Release|Any CPU.ActiveCfg = Release|Any CPU
		{839A2738-C454-459F-8AFD-0B7A296B2AE4}.Release|Any CPU.Build.0 = Release|Any CPU
	EndGlobalSection
	GlobalSection(SolutionProperties) = preSolution
		HideSolutionNode = FALSE
	EndGlobalSection
	GlobalSection(NestedProjects) = preSolution
		{A1B006AF-75CE-4ACF-8351-6423A14B6573} = {C4349ED9-3B58-407F-8A1B-26868083AEA4}
		{839A2738-C454-459F-8AFD-0B7A296B2AE4} = {C4349ED9-3B58-407F-8A1B-26868083AEA4}
	EndGlobalSection
	GlobalSection(ExtensibilityGlobals) = postSolution
		SolutionGuid = {3199C4D4-3BFF-43E3-AE38-DB24985EFF6B}
	EndGlobalSection
EndGlobal
