
Microsoft Visual Studio Solution File, Format Version 12.00
# Visual Studio Version 16
VisualStudioVersion = 16.0.30611.23
MinimumVisualStudioVersion = 10.0.40219.1
Project("{9A19103F-16F7-4668-BE54-9A1E7A4F7556}") = "GameConsole", "GameConsole\GameConsole.csproj", "{7256E35A-BB18-4405-B0EE-E3DBF9A0431E}"
EndProject
Project("{FAE04EC0-301F-11D3-BF4B-00C04F79EFBC}") = "CS8NullBasics", "CS8NullBasics\CS8NullBasics.csproj", "{AEC113F1-7E4D-4E9F-943D-A339090E92D2}"
EndProject
Global
	GlobalSection(SolutionConfigurationPlatforms) = preSolution
		Debug|Any CPU = Debug|Any CPU
		Release|Any CPU = Release|Any CPU
	EndGlobalSection
	GlobalSection(ProjectConfigurationPlatforms) = postSolution
		{7256E35A-BB18-4405-B0EE-E3DBF9A0431E}.Debug|Any CPU.ActiveCfg = Debug|Any CPU
		{7256E35A-BB18-4405-B0EE-E3DBF9A0431E}.Debug|Any CPU.Build.0 = Debug|Any CPU
		{7256E35A-BB18-4405-B0EE-E3DBF9A0431E}.Release|Any CPU.ActiveCfg = Release|Any CPU
		{7256E35A-BB18-4405-B0EE-E3DBF9A0431E}.Release|Any CPU.Build.0 = Release|Any CPU
		{AEC113F1-7E4D-4E9F-943D-A339090E92D2}.Debug|Any CPU.ActiveCfg = Debug|Any CPU
		{AEC113F1-7E4D-4E9F-943D-A339090E92D2}.Debug|Any CPU.Build.0 = Debug|Any CPU
		{AEC113F1-7E4D-4E9F-943D-A339090E92D2}.Release|Any CPU.ActiveCfg = Release|Any CPU
		{AEC113F1-7E4D-4E9F-943D-A339090E92D2}.Release|Any CPU.Build.0 = Release|Any CPU
	EndGlobalSection
	GlobalSection(SolutionProperties) = preSolution
		HideSolutionNode = FALSE
	EndGlobalSection
	GlobalSection(ExtensibilityGlobals) = postSolution
		SolutionGuid = {32213AAA-556C-4562-A116-B5B03FE9B0AF}
	EndGlobalSection
EndGlobal
