
Microsoft Visual Studio Solution File, Format Version 12.00
# Visual Studio Version 16
VisualStudioVersion = 16.0.30717.126
MinimumVisualStudioVersion = 10.0.40219.1
Project("{FAE04EC0-301F-11D3-BF4B-00C04F79EFBC}") = "Client", "Client\Client.csproj", "{42451AA9-2DCE-41A5-AE36-1909ABFBDD87}"
EndProject
Project("{FAE04EC0-301F-11D3-BF4B-00C04F79EFBC}") = "Server", "Server\Server.csproj", "{1C6C1C9C-349B-4996-BB7E-AC48E2A59DA8}"
EndProject
Project("{FAE04EC0-301F-11D3-BF4B-00C04F79EFBC}") = "Shared", "Shared\Shared.csproj", "{6D36432A-4BE5-4438-919F-A5EF6458A482}"
EndProject
Global
	GlobalSection(SolutionConfigurationPlatforms) = preSolution
		Debug|Any CPU = Debug|Any CPU
		Release|Any CPU = Release|Any CPU
	EndGlobalSection
	GlobalSection(ProjectConfigurationPlatforms) = postSolution
		{42451AA9-2DCE-41A5-AE36-1909ABFBDD87}.Debug|Any CPU.ActiveCfg = Debug|Any CPU
		{42451AA9-2DCE-41A5-AE36-1909ABFBDD87}.Debug|Any CPU.Build.0 = Debug|Any CPU
		{42451AA9-2DCE-41A5-AE36-1909ABFBDD87}.Release|Any CPU.ActiveCfg = Release|Any CPU
		{42451AA9-2DCE-41A5-AE36-1909ABFBDD87}.Release|Any CPU.Build.0 = Release|Any CPU
		{1C6C1C9C-349B-4996-BB7E-AC48E2A59DA8}.Debug|Any CPU.ActiveCfg = Debug|Any CPU
		{1C6C1C9C-349B-4996-BB7E-AC48E2A59DA8}.Debug|Any CPU.Build.0 = Debug|Any CPU
		{1C6C1C9C-349B-4996-BB7E-AC48E2A59DA8}.Release|Any CPU.ActiveCfg = Release|Any CPU
		{1C6C1C9C-349B-4996-BB7E-AC48E2A59DA8}.Release|Any CPU.Build.0 = Release|Any CPU
		{6D36432A-4BE5-4438-919F-A5EF6458A482}.Debug|Any CPU.ActiveCfg = Debug|Any CPU
		{6D36432A-4BE5-4438-919F-A5EF6458A482}.Debug|Any CPU.Build.0 = Debug|Any CPU
		{6D36432A-4BE5-4438-919F-A5EF6458A482}.Release|Any CPU.ActiveCfg = Release|Any CPU
		{6D36432A-4BE5-4438-919F-A5EF6458A482}.Release|Any CPU.Build.0 = Release|Any CPU
	EndGlobalSection
	GlobalSection(SolutionProperties) = preSolution
		HideSolutionNode = FALSE
	EndGlobalSection
	GlobalSection(ExtensibilityGlobals) = postSolution
		SolutionGuid = {A19B52A1-1B11-41A0-AA86-61C4282FC405}
	EndGlobalSection
EndGlobal
